
Microsoft Visual Studio Solution File, Format Version 12.00
# Visual Studio Version 16
VisualStudioVersion = 16.0.32602.291
MinimumVisualStudioVersion = 10.0.40219.1
Project("{FAE04EC0-301F-11D3-BF4B-00C04F79EFBC}") = "rafa27silva", "rafa27silva\rafa27silva.csproj", "{58BBE337-DC76-46BC-8304-ED3EA47136B5}"
EndProject
Global
	GlobalSection(SolutionConfigurationPlatforms) = preSolution
		Debug|Any CPU = Debug|Any CPU
		Release|Any CPU = Release|Any CPU
	EndGlobalSection
	GlobalSection(ProjectConfigurationPlatforms) = postSolution
		{58BBE337-DC76-46BC-8304-ED3EA47136B5}.Debug|Any CPU.ActiveCfg = Debug|Any CPU
		{58BBE337-DC76-46BC-8304-ED3EA47136B5}.Debug|Any CPU.Build.0 = Debug|Any CPU
		{58BBE337-DC76-46BC-8304-ED3EA47136B5}.Release|Any CPU.ActiveCfg = Release|Any CPU
		{58BBE337-DC76-46BC-8304-ED3EA47136B5}.Release|Any CPU.Build.0 = Release|Any CPU
	EndGlobalSection
	GlobalSection(SolutionProperties) = preSolution
		HideSolutionNode = FALSE
	EndGlobalSection
	GlobalSection(ExtensibilityGlobals) = postSolution
		SolutionGuid = {8E9804C8-31E8-4409-847F-CFA02D884F41}
	EndGlobalSection
EndGlobal
